
Microsoft Visual Studio Solution File, Format Version 12.00
# Visual Studio for Mac
Project("{FAE04EC0-301F-11D3-BF4B-00C04F79EFBC}") = "AstarPathfindingProjectEditor", "AstarPathfindingProjectEditor.csproj", "{B6250B22-F8BE-601E-E0E6-B7D4C3AF750D}"
EndProject
Project("{FAE04EC0-301F-11D3-BF4B-00C04F79EFBC}") = "AstarPathfindingProject", "AstarPathfindingProject.csproj", "{ED9DD779-6FF9-FAA1-2F73-A8019CB22921}"
EndProject
Project("{FAE04EC0-301F-11D3-BF4B-00C04F79EFBC}") = "PackageToolsEditor", "PackageToolsEditor.csproj", "{C84BEC28-66A0-D5C4-FAE1-D5CA8972CC93}"
EndProject
Project("{FAE04EC0-301F-11D3-BF4B-00C04F79EFBC}") = "TargetSpotted", "TargetSpotted.csproj", "{54120CBC-2C92-12A2-5982-D34A157A7581}"
EndProject
Global
	GlobalSection(SolutionConfigurationPlatforms) = preSolution
		Debug|Any CPU = Debug|Any CPU
		Release|Any CPU = Release|Any CPU
	EndGlobalSection
	GlobalSection(ProjectConfigurationPlatforms) = postSolution
		{B6250B22-F8BE-601E-E0E6-B7D4C3AF750D}.Debug|Any CPU.ActiveCfg = Debug|Any CPU
		{B6250B22-F8BE-601E-E0E6-B7D4C3AF750D}.Debug|Any CPU.Build.0 = Debug|Any CPU
		{B6250B22-F8BE-601E-E0E6-B7D4C3AF750D}.Release|Any CPU.ActiveCfg = Release|Any CPU
		{B6250B22-F8BE-601E-E0E6-B7D4C3AF750D}.Release|Any CPU.Build.0 = Release|Any CPU
		{ED9DD779-6FF9-FAA1-2F73-A8019CB22921}.Debug|Any CPU.ActiveCfg = Debug|Any CPU
		{ED9DD779-6FF9-FAA1-2F73-A8019CB22921}.Debug|Any CPU.Build.0 = Debug|Any CPU
		{ED9DD779-6FF9-FAA1-2F73-A8019CB22921}.Release|Any CPU.ActiveCfg = Release|Any CPU
		{ED9DD779-6FF9-FAA1-2F73-A8019CB22921}.Release|Any CPU.Build.0 = Release|Any CPU
		{C84BEC28-66A0-D5C4-FAE1-D5CA8972CC93}.Debug|Any CPU.ActiveCfg = Debug|Any CPU
		{C84BEC28-66A0-D5C4-FAE1-D5CA8972CC93}.Debug|Any CPU.Build.0 = Debug|Any CPU
		{C84BEC28-66A0-D5C4-FAE1-D5CA8972CC93}.Release|Any CPU.ActiveCfg = Release|Any CPU
		{C84BEC28-66A0-D5C4-FAE1-D5CA8972CC93}.Release|Any CPU.Build.0 = Release|Any CPU
		{54120CBC-2C92-12A2-5982-D34A157A7581}.Debug|Any CPU.ActiveCfg = Debug|Any CPU
		{54120CBC-2C92-12A2-5982-D34A157A7581}.Debug|Any CPU.Build.0 = Debug|Any CPU
		{54120CBC-2C92-12A2-5982-D34A157A7581}.Release|Any CPU.ActiveCfg = Release|Any CPU
		{54120CBC-2C92-12A2-5982-D34A157A7581}.Release|Any CPU.Build.0 = Release|Any CPU
	EndGlobalSection
	GlobalSection(SolutionProperties) = preSolution
		HideSolutionNode = FALSE
	EndGlobalSection
EndGlobal
